
Microsoft Visual Studio Solution File, Format Version 12.00
# Visual Studio Version 17
VisualStudioVersion = 17.5.33424.131
MinimumVisualStudioVersion = 10.0.40219.1
Project("{FAE04EC0-301F-11D3-BF4B-00C04F79EFBC}") = "ConsoleApp13", "ConsoleApp13\ConsoleApp13.csproj", "{BBB965FE-AAE3-4EC8-96F2-6CEFCB68800E}"
EndProject
Global
	GlobalSection(SolutionConfigurationPlatforms) = preSolution
		Debug|Any CPU = Debug|Any CPU
		Release|Any CPU = Release|Any CPU
	EndGlobalSection
	GlobalSection(ProjectConfigurationPlatforms) = postSolution
		{BBB965FE-AAE3-4EC8-96F2-6CEFCB68800E}.Debug|Any CPU.ActiveCfg = Debug|Any CPU
		{BBB965FE-AAE3-4EC8-96F2-6CEFCB68800E}.Debug|Any CPU.Build.0 = Debug|Any CPU
		{BBB965FE-AAE3-4EC8-96F2-6CEFCB68800E}.Release|Any CPU.ActiveCfg = Release|Any CPU
		{BBB965FE-AAE3-4EC8-96F2-6CEFCB68800E}.Release|Any CPU.Build.0 = Release|Any CPU
	EndGlobalSection
	GlobalSection(SolutionProperties) = preSolution
		HideSolutionNode = FALSE
	EndGlobalSection
	GlobalSection(ExtensibilityGlobals) = postSolution
		SolutionGuid = {F40B2570-1AE2-41CE-8700-9EFDD6597DBE}
	EndGlobalSection
EndGlobal
