
Microsoft Visual Studio Solution File, Format Version 12.00
# Visual Studio Version 17
VisualStudioVersion = 17.5.33424.131
MinimumVisualStudioVersion = 10.0.40219.1
Project("{FAE04EC0-301F-11D3-BF4B-00C04F79EFBC}") = "ConsoleApp14", "ConsoleApp14\ConsoleApp14.csproj", "{AC2BD9F6-0368-4183-8BEF-64EF7FB3F95D}"
EndProject
Global
	GlobalSection(SolutionConfigurationPlatforms) = preSolution
		Debug|Any CPU = Debug|Any CPU
		Release|Any CPU = Release|Any CPU
	EndGlobalSection
	GlobalSection(ProjectConfigurationPlatforms) = postSolution
		{AC2BD9F6-0368-4183-8BEF-64EF7FB3F95D}.Debug|Any CPU.ActiveCfg = Debug|Any CPU
		{AC2BD9F6-0368-4183-8BEF-64EF7FB3F95D}.Debug|Any CPU.Build.0 = Debug|Any CPU
		{AC2BD9F6-0368-4183-8BEF-64EF7FB3F95D}.Release|Any CPU.ActiveCfg = Release|Any CPU
		{AC2BD9F6-0368-4183-8BEF-64EF7FB3F95D}.Release|Any CPU.Build.0 = Release|Any CPU
	EndGlobalSection
	GlobalSection(SolutionProperties) = preSolution
		HideSolutionNode = FALSE
	EndGlobalSection
	GlobalSection(ExtensibilityGlobals) = postSolution
		SolutionGuid = {E2285B1A-C4B8-487A-964E-2F2C9663C884}
	EndGlobalSection
EndGlobal
